// !$*UTF8*$!
{
	archiveVersion = 1;
	classes = {
	};
	objectVersion = 50;
	objects = {

/* Begin PBXBuildFile section */
		2F9B373421C6D1FF00B37D94 /* AppDelegate.swift in Sources */ = {isa = PBXBuildFile; fileRef = 2F9B373321C6D1FF00B37D94 /* AppDelegate.swift */; };
		2F9B373621C6D1FF00B37D94 /* ViewController.swift in Sources */ = {isa = PBXBuildFile; fileRef = 2F9B373521C6D1FF00B37D94 /* ViewController.swift */; };
		2F9B373921C6D1FF00B37D94 /* Main.storyboard in Resources */ = {isa = PBXBuildFile; fileRef = 2F9B373721C6D1FF00B37D94 /* Main.storyboard */; };
		2F9B373C21C6D1FF00B37D94 /* iOSPOS.xcdatamodeld in Sources */ = {isa = PBXBuildFile; fileRef = 2F9B373A21C6D1FF00B37D94 /* iOSPOS.xcdatamodeld */; };
		2F9B373E21C6D20300B37D94 /* Assets.xcassets in Resources */ = {isa = PBXBuildFile; fileRef = 2F9B373D21C6D20300B37D94 /* Assets.xcassets */; };
		2F9B374121C6D20300B37D94 /* LaunchScreen.storyboard in Resources */ = {isa = PBXBuildFile; fileRef = 2F9B373F21C6D20300B37D94 /* LaunchScreen.storyboard */; };
/* End PBXBuildFile section */

/* Begin PBXFileReference section */
		2F9B373021C6D1FF00B37D94 /* iOSPOS.app */ = {isa = PBXFileReference; explicitFileType = wrapper.application; includeInIndex = 0; path = iOSPOS.app; sourceTree = BUILT_PRODUCTS_DIR; };
		2F9B373321C6D1FF00B37D94 /* AppDelegate.swift */ = {isa = PBXFileReference; lastKnownFileType = sourcecode.swift; path = AppDelegate.swift; sourceTree = "<group>"; };
		2F9B373521C6D1FF00B37D94 /* ViewController.swift */ = {isa = PBXFileReference; lastKnownFileType = sourcecode.swift; path = ViewController.swift; sourceTree = "<group>"; };
		2F9B373821C6D1FF00B37D94 /* Base */ = {isa = PBXFileReference; lastKnownFileType = file.storyboard; name = Base; path = Base.lproj/Main.storyboard; sourceTree = "<group>"; };
		2F9B373B21C6D1FF00B37D94 /* iOSPOS.xcdatamodel */ = {isa = PBXFileReference; lastKnownFileType = wrapper.xcdatamodel; path = iOSPOS.xcdatamodel; sourceTree = "<group>"; };
		2F9B373D21C6D20300B37D94 /* Assets.xcassets */ = {isa = PBXFileReference; lastKnownFileType = folder.assetcatalog; path = Assets.xcassets; sourceTree = "<group>"; };
		2F9B374021C6D20300B37D94 /* Base */ = {isa = PBXFileReference; lastKnownFileType = file.storyboard; name = Base; path = Base.lproj/LaunchScreen.storyboard; sourceTree = "<group>"; };
		2F9B374221C6D20300B37D94 /* Info.plist */ = {isa = PBXFileReference; lastKnownFileType = text.plist.xml; path = Info.plist; sourceTree = "<group>"; };
/* End PBXFileReference section */

/* Begin PBXFrameworksBuildPhase section */
		2F9B372D21C6D1FE00B37D94 /* Frameworks */ = {
			isa = PBXFrameworksBuildPhase;
			buildActionMask = 2147483647;
			files = (
			);
			runOnlyForDeploymentPostprocessing = 0;
		};
/* End PBXFrameworksBuildPhase section */

/* Begin PBXGroup section */
		2F9B372721C6D1FE00B37D94 = {
			isa = PBXGroup;
			children = (
				2F9B373221C6D1FF00B37D94 /* iOSPOS */,
				2F9B373121C6D1FF00B37D94 /* Products */,
			);
			sourceTree = "<group>";
		};
		2F9B373121C6D1FF00B37D94 /* Products */ = {
			isa = PBXGroup;
			children = (
				2F9B373021C6D1FF00B37D94 /* iOSPOS.app */,
			);
			name = Products;
			sourceTree = "<group>";
		};
		2F9B373221C6D1FF00B37D94 /* iOSPOS */ = {
			isa = PBXGroup;
			children = (
				2F9B373321C6D1FF00B37D94 /* AppDelegate.swift */,
				2F9B373521C6D1FF00B37D94 /* ViewController.swift */,
				2F9B373721C6D1FF00B37D94 /* Main.storyboard */,
				2F9B373D21C6D20300B37D94 /* Assets.xcassets */,
				2F9B373F21C6D20300B37D94 /* LaunchScreen.storyboard */,
				2F9B374221C6D20300B37D94 /* Info.plist */,
				2F9B373A21C6D1FF00B37D94 /* iOSPOS.xcdatamodeld */,
			);
			path = iOSPOS;
			sourceTree = "<group>";
		};
/* End PBXGroup section */

/* Begin PBXNativeTarget section */
		2F9B372F21C6D1FE00B37D94 /* iOSPOS */ = {
			isa = PBXNativeTarget;
			buildConfigurationList = 2F9B374521C6D20300B37D94 /* Build configuration list for PBXNativeTarget "iOSPOS" */;
			buildPhases = (
				2F9B372C21C6D1FE00B37D94 /* Sources */,
				2F9B372D21C6D1FE00B37D94 /* Frameworks */,
				2F9B372E21C6D1FE00B37D94 /* Resources */,
			);
			buildRules = (
			);
			dependencies = (
			);
			name = iOSPOS;
			productName = iOSPOS;
			productReference = 2F9B373021C6D1FF00B37D94 /* iOSPOS.app */;
			productType = "com.apple.product-type.application";
		};
/* End PBXNativeTarget section */

/* Begin PBXProject section */
		2F9B372821C6D1FE00B37D94 /* Project object */ = {
			isa = PBXProject;
			attributes = {
				LastSwiftUpdateCheck = 1010;
				LastUpgradeCheck = 1010;
				ORGANIZATIONNAME = "Ammar Joher";
				TargetAttributes = {
					2F9B372F21C6D1FE00B37D94 = {
						CreatedOnToolsVersion = 10.1;
					};
				};
			};
			buildConfigurationList = 2F9B372B21C6D1FE00B37D94 /* Build configuration list for PBXProject "iOSPOS" */;
			compatibilityVersion = "Xcode 9.3";
			developmentRegion = en;
			hasScannedForEncodings = 0;
			knownRegions = (
				en,
				Base,
			);
			mainGroup = 2F9B372721C6D1FE00B37D94;
			productRefGroup = 2F9B373121C6D1FF00B37D94 /* Products */;
			projectDirPath = "";
			projectRoot = "";
			targets = (
				2F9B372F21C6D1FE00B37D94 /* iOSPOS */,
			);
		};
/* End PBXProject section */

/* Begin PBXResourcesBuildPhase section */
		2F9B372E21C6D1FE00B37D94 /* Resources */ = {
			isa = PBXResourcesBuildPhase;
			buildActionMask = 2147483647;
			files = (
				2F9B374121C6D20300B37D94 /* LaunchScreen.storyboard in Resources */,
				2F9B373E21C6D20300B37D94 /* Assets.xcassets in Resources */,
				2F9B373921C6D1FF00B37D94 /* Main.storyboard in Resources */,
			);
			runOnlyForDeploymentPostprocessing = 0;
		};
/* End PBXResourcesBuildPhase section */

/* Begin PBXSourcesBuildPhase section */
		2F9B372C21C6D1FE00B37D94 /* Sources */ = {
			isa = PBXSourcesBuildPhase;
			buildActionMask = 2147483647;
			files = (
				2F9B373621C6D1FF00B37D94 /* ViewController.swift in Sources */,
				2F9B373421C6D1FF00B37D94 /* AppDelegate.swift in Sources */,
				2F9B373C21C6D1FF00B37D94 /* iOSPOS.xcdatamodeld in Sources */,
			);
			runOnlyForDeploymentPostprocessing = 0;
		};
/* End PBXSourcesBuildPhase section */

/* Begin PBXVariantGroup section */
		2F9B373721C6D1FF00B37D94 /* Main.storyboard */ = {
			isa = PBXVariantGroup;
			children = (
				2F9B373821C6D1FF00B37D94 /* Base */,
			);
			name = Main.storyboard;
			sourceTree = "<group>";
		};
		2F9B373F21C6D20300B37D94 /* LaunchScreen.storyboard */ = {
			isa = PBXVariantGroup;
			children = (
				2F9B374021C6D20300B37D94 /* Base */,
			);
			name = LaunchScreen.storyboard;
			sourceTree = "<group>";
		};
/* End PBXVariantGroup section */

/* Begin XCBuildConfiguration section */
		2F9B374321C6D20300B37D94 /* Debug */ = {
			isa = XCBuildConfiguration;
			buildSettings = {
				ALWAYS_SEARCH_USER_PATHS = NO;
				CLANG_ANALYZER_NONNULL = YES;
				CLANG_ANALYZER_NUMBER_OBJECT_CONVERSION = YES_AGGRESSIVE;
				CLANG_CXX_LANGUAGE_STANDARD = "gnu++14";
				CLANG_CXX_LIBRARY = "libc++";
				CLANG_ENABLE_MODULES = YES;
				CLANG_ENABLE_OBJC_ARC = YES;
				CLANG_ENABLE_OBJC_WEAK = YES;
				CLANG_WARN_BLOCK_CAPTURE_AUTORELEASING = YES;
				CLANG_WARN_BOOL_CONVERSION = YES;
				CLANG_WARN_COMMA = YES;
				CLANG_WARN_CONSTANT_CONVERSION = YES;
				CLANG_WARN_DEPRECATED_OBJC_IMPLEMENTATIONS = YES;
				CLANG_WARN_DIRECT_OBJC_ISA_USAGE = YES_ERROR;
				CLANG_WARN_DOCUMENTATION_COMMENTS = YES;
				CLANG_WARN_EMPTY_BODY = YES;
				CLANG_WARN_ENUM_CONVERSION = YES;
				CLANG_WARN_INFINITE_RECURSION = YES;
				CLANG_WARN_INT_CONVERSION = YES;
				CLANG_WARN_NON_LITERAL_NULL_CONVERSION = YES;
				CLANG_WARN_OBJC_IMPLICIT_RETAIN_SELF = YES;
				CLANG_WARN_OBJC_LITERAL_CONVERSION = YES;
				CLANG_WARN_OBJC_ROOT_CLASS = YES_ERROR;
				CLANG_WARN_RANGE_LOOP_ANALYSIS = YES;
				CLANG_WARN_STRICT_PROTOTYPES = YES;
				CLANG_WARN_SUSPICIOUS_MOVE = YES;
				CLANG_WARN_UNGUARDED_AVAILABILITY = YES_AGGRESSIVE;
				CLANG_WARN_UNREACHABLE_CODE = YES;
				CLANG_WARN__DUPLICATE_METHOD_MATCH = YES;
				CODE_SIGN_IDENTITY = "iPhone Developer";
				COPY_PHASE_STRIP = NO;
				DEBUG_INFORMATION_FORMAT = dwarf;
				ENABLE_STRICT_OBJC_MSGSEND = YES;
				ENABLE_TESTABILITY = YES;
				GCC_C_LANGUAGE_STANDARD = gnu11;
				GCC_DYNAMIC_NO_PIC = NO;
				GCC_NO_COMMON_BLOCKS = YES;
				GCC_OPTIMIZATION_LEVEL = 0;
				GCC_PREPROCESSOR_DEFINITIONS = (
					"DEBUG=1",
					"$(inherited)",
				);
				GCC_WARN_64_TO_32_BIT_CONVERSION = YES;
				GCC_WARN_ABOUT_RETURN_TYPE = YES_ERROR;
				GCC_WARN_UNDECLARED_SELECTOR = YES;
				GCC_WARN_UNINITIALIZED_AUTOS = YES_AGGRESSIVE;
				GCC_WARN_UNUSED_FUNCTION = YES;
				GCC_WARN_UNUSED_VARIABLE = YES;
				IPHONEOS_DEPLOYMENT_TARGET = 12.1;
				MTL_ENABLE_DEBUG_INFO = INCLUDE_SOURCE;
				MTL_FAST_MATH = YES;
				ONLY_ACTIVE_ARCH = YES;
				SDKROOT = iphoneos;
				SWIFT_ACTIVE_COMPILATION_CONDITIONS = DEBUG;
				SWIFT_OPTIMIZATION_LEVEL = "-Onone";
			};
			name = Debug;
		};
		2F9B374421C6D20300B37D94 /* Release */ = {
			isa = XCBuildConfiguration;
			buildSettings = {
				ALWAYS_SEARCH_USER_PATHS = NO;
				CLANG_ANALYZER_NONNULL = YES;
				CLANG_ANALYZER_NUMBER_OBJECT_CONVERSION = YES_AGGRESSIVE;
				CLANG_CXX_LANGUAGE_STANDARD = "gnu++14";
				CLANG_CXX_LIBRARY = "libc++";
				CLANG_ENABLE_MODULES = YES;
				CLANG_ENABLE_OBJC_ARC = YES;
				CLANG_ENABLE_OBJC_WEAK = YES;
				CLANG_WARN_BLOCK_CAPTURE_AUTORELEASING = YES;
				CLANG_WARN_BOOL_CONVERSION = YES;
				CLANG_WARN_COMMA = YES;
				CLANG_WARN_CONSTANT_CONVERSION = YES;
				CLANG_WARN_DEPRECATED_OBJC_IMPLEMENTATIONS = YES;
				CLANG_WARN_DIRECT_OBJC_ISA_USAGE = YES_ERROR;
				CLANG_WARN_DOCUMENTATION_COMMENTS = YES;
				CLANG_WARN_EMPTY_BODY = YES;
				CLANG_WARN_ENUM_CONVERSION = YES;
				CLANG_WARN_INFINITE_RECURSION = YES;
				CLANG_WARN_INT_CONVERSION = YES;
				CLANG_WARN_NON_LITERAL_NULL_CONVERSION = YES;
				CLANG_WARN_OBJC_IMPLICIT_RETAIN_SELF = YES;
				CLANG_WARN_OBJC_LITERAL_CONVERSION = YES;
				CLANG_WARN_OBJC_ROOT_CLASS = YES_ERROR;
				CLANG_WARN_RANGE_LOOP_ANALYSIS = YES;
				CLANG_WARN_STRICT_PROTOTYPES = YES;
				CLANG_WARN_SUSPICIOUS_MOVE = YES;
				CLANG_WARN_UNGUARDED_AVAILABILITY = YES_AGGRESSIVE;
				CLANG_WARN_UNREACHABLE_CODE = YES;
				CLANG_WARN__DUPLICATE_METHOD_MATCH = YES;
				CODE_SIGN_IDENTITY = "iPhone Developer";
				COPY_PHASE_STRIP = NO;
				DEBUG_INFORMATION_FORMAT = "dwarf-with-dsym";
				ENABLE_NS_ASSERTIONS = NO;
				ENABLE_STRICT_OBJC_MSGSEND = YES;
				GCC_C_LANGUAGE_STANDARD = gnu11;
				GCC_NO_COMMON_BLOCKS = YES;
				GCC_WARN_64_TO_32_BIT_CONVERSION = YES;
				GCC_WARN_ABOUT_RETURN_TYPE = YES_ERROR;
				GCC_WARN_UNDECLARED_SELECTOR = YES;
				GCC_WARN_UNINITIALIZED_AUTOS = YES_AGGRESSIVE;
				GCC_WARN_UNUSED_FUNCTION = YES;
				GCC_WARN_UNUSED_VARIABLE = YES;
				IPHONEOS_DEPLOYMENT_TARGET = 12.1;
				MTL_ENABLE_DEBUG_INFO = NO;
				MTL_FAST_MATH = YES;
				SDKROOT = iphoneos;
				SWIFT_COMPILATION_MODE = wholemodule;
				SWIFT_OPTIMIZATION_LEVEL = "-O";
				VALIDATE_PRODUCT = YES;
			};
			name = Release;
		};
		2F9B374621C6D20300B37D94 /* Debug */ = {
			isa = XCBuildConfiguration;
			buildSettings = {
				ASSETCATALOG_COMPILER_APPICON_NAME = AppIcon;
				CODE_SIGN_STYLE = Automatic;
				INFOPLIST_FILE = iOSPOS/Info.plist;
				LD_RUNPATH_SEARCH_PATHS = (
					"$(inherited)",
					"@executable_path/Frameworks",
				);
				PRODUCT_BUNDLE_IDENTIFIER = rainingk.iOSPOS;
				PRODUCT_NAME = "$(TARGET_NAME)";
				SWIFT_VERSION = 4.2;
				TARGETED_DEVICE_FAMILY = "1,2";
			};
			name = Debug;
		};
		2F9B374721C6D20300B37D94 /* Release */ = {
			isa = XCBuildConfiguration;
			buildSettings = {
				ASSETCATALOG_COMPILER_APPICON_NAME = AppIcon;
				CODE_SIGN_STYLE = Automatic;
				INFOPLIST_FILE = iOSPOS/Info.plist;
				LD_RUNPATH_SEARCH_PATHS = (
					"$(inherited)",
					"@executable_path/Frameworks",
				);
				PRODUCT_BUNDLE_IDENTIFIER = rainingk.iOSPOS;
				PRODUCT_NAME = "$(TARGET_NAME)";
				SWIFT_VERSION = 4.2;
				TARGETED_DEVICE_FAMILY = "1,2";
			};
			name = Release;
		};
/* End XCBuildConfiguration section */

/* Begin XCConfigurationList section */
		2F9B372B21C6D1FE00B37D94 /* Build configuration list for PBXProject "iOSPOS" */ = {
			isa = XCConfigurationList;
			buildConfigurations = (
				2F9B374321C6D20300B37D94 /* Debug */,
				2F9B374421C6D20300B37D94 /* Release */,
			);
			defaultConfigurationIsVisible = 0;
			defaultConfigurationName = Release;
		};
		2F9B374521C6D20300B37D94 /* Build configuration list for PBXNativeTarget "iOSPOS" */ = {
			isa = XCConfigurationList;
			buildConfigurations = (
				2F9B374621C6D20300B37D94 /* Debug */,
				2F9B374721C6D20300B37D94 /* Release */,
			);
			defaultConfigurationIsVisible = 0;
			defaultConfigurationName = Release;
		};
/* End XCConfigurationList section */

/* Begin XCVersionGroup section */
		2F9B373A21C6D1FF00B37D94 /* iOSPOS.xcdatamodeld */ = {
			isa = XCVersionGroup;
			children = (
				2F9B373B21C6D1FF00B37D94 /* iOSPOS.xcdatamodel */,
			);
			currentVersion = 2F9B373B21C6D1FF00B37D94 /* iOSPOS.xcdatamodel */;
			path = iOSPOS.xcdatamodeld;
			sourceTree = "<group>";
			versionGroupType = wrapper.xcdatamodel;
		};
/* End XCVersionGroup section */
	};
	rootObject = 2F9B372821C6D1FE00B37D94 /* Project object */;
}
